
Microsoft Visual Studio Solution File, Format Version 12.00
# Visual Studio Version 17
VisualStudioVersion = 17.0.31903.59
MinimumVisualStudioVersion = 10.0.40219.1
Project("{FAE04EC0-301F-11D3-BF4B-00C04F79EFBC}") = "Consumer.Api", "Consumer.Api\Consumer.Api.csproj", "{3A9F3C86-7988-4E28-9383-71BE2A7E863B}"
EndProject
Project("{FAE04EC0-301F-11D3-BF4B-00C04F79EFBC}") = "Producer.Api", "Producer.Api\Producer.Api.csproj", "{3E322260-6CD1-4A13-8A81-B6474E878CFB}"
EndProject
Project("{2150E333-8FDC-42A3-9474-1A3956D46DE8}") = "libs", "libs", "{58DA1787-22AC-49DF-94F8-8498ACEE449E}"
EndProject
Project("{FAE04EC0-301F-11D3-BF4B-00C04F79EFBC}") = "EventBus.Message", "common\EventBus.Message\EventBus.Message.csproj", "{C64CAB25-9065-442B-AF9E-187CC043ACC2}"
EndProject
Project("{FAE04EC0-301F-11D3-BF4B-00C04F79EFBC}") = "Infrastructure", "common\Infrastructure\Infrastructure.csproj", "{78211247-09D2-43C2-8B1B-F50ADF070FD1}"
EndProject
Global
	GlobalSection(SolutionConfigurationPlatforms) = preSolution
		Debug|Any CPU = Debug|Any CPU
		Release|Any CPU = Release|Any CPU
	EndGlobalSection
	GlobalSection(SolutionProperties) = preSolution
		HideSolutionNode = FALSE
	EndGlobalSection
	GlobalSection(ProjectConfigurationPlatforms) = postSolution
		{3A9F3C86-7988-4E28-9383-71BE2A7E863B}.Debug|Any CPU.ActiveCfg = Debug|Any CPU
		{3A9F3C86-7988-4E28-9383-71BE2A7E863B}.Debug|Any CPU.Build.0 = Debug|Any CPU
		{3A9F3C86-7988-4E28-9383-71BE2A7E863B}.Release|Any CPU.ActiveCfg = Release|Any CPU
		{3A9F3C86-7988-4E28-9383-71BE2A7E863B}.Release|Any CPU.Build.0 = Release|Any CPU
		{3E322260-6CD1-4A13-8A81-B6474E878CFB}.Debug|Any CPU.ActiveCfg = Debug|Any CPU
		{3E322260-6CD1-4A13-8A81-B6474E878CFB}.Debug|Any CPU.Build.0 = Debug|Any CPU
		{3E322260-6CD1-4A13-8A81-B6474E878CFB}.Release|Any CPU.ActiveCfg = Release|Any CPU
		{3E322260-6CD1-4A13-8A81-B6474E878CFB}.Release|Any CPU.Build.0 = Release|Any CPU
		{C64CAB25-9065-442B-AF9E-187CC043ACC2}.Debug|Any CPU.ActiveCfg = Debug|Any CPU
		{C64CAB25-9065-442B-AF9E-187CC043ACC2}.Debug|Any CPU.Build.0 = Debug|Any CPU
		{C64CAB25-9065-442B-AF9E-187CC043ACC2}.Release|Any CPU.ActiveCfg = Release|Any CPU
		{C64CAB25-9065-442B-AF9E-187CC043ACC2}.Release|Any CPU.Build.0 = Release|Any CPU
		{78211247-09D2-43C2-8B1B-F50ADF070FD1}.Debug|Any CPU.ActiveCfg = Debug|Any CPU
		{78211247-09D2-43C2-8B1B-F50ADF070FD1}.Debug|Any CPU.Build.0 = Debug|Any CPU
		{78211247-09D2-43C2-8B1B-F50ADF070FD1}.Release|Any CPU.ActiveCfg = Release|Any CPU
		{78211247-09D2-43C2-8B1B-F50ADF070FD1}.Release|Any CPU.Build.0 = Release|Any CPU
	EndGlobalSection
	GlobalSection(NestedProjects) = preSolution
		{C64CAB25-9065-442B-AF9E-187CC043ACC2} = {58DA1787-22AC-49DF-94F8-8498ACEE449E}
		{78211247-09D2-43C2-8B1B-F50ADF070FD1} = {58DA1787-22AC-49DF-94F8-8498ACEE449E}
	EndGlobalSection
EndGlobal
